
Microsoft Visual Studio Solution File, Format Version 12.00
# Visual Studio Version 17
VisualStudioVersion = 17.5.2.0
MinimumVisualStudioVersion = 10.0.40219.1
Project("{2150E333-8FDC-42A3-9474-1A3956D46DE8}") = "backend", "backend", "{1AE8ACA6-933B-BF2A-3671-3E2EAC007D16}"
EndProject
Project("{FAE04EC0-301F-11D3-BF4B-00C04F79EFBC}") = "EfxSimulator.Api", "backend\EfxSimulator.Api.csproj", "{2AF2F9BE-4BB4-78C0-2BF5-6782F3181099}"
EndProject
Project("{FAE04EC0-301F-11D3-BF4B-00C04F79EFBC}") = "backend.Tests", "backend.Tests\backend.Tests.csproj", "{8D6E455B-AFD5-4A7D-BC80-4A44607D3964}"
EndProject
Global
	GlobalSection(SolutionConfigurationPlatforms) = preSolution
		Debug|Any CPU = Debug|Any CPU
		Release|Any CPU = Release|Any CPU
	EndGlobalSection
	GlobalSection(ProjectConfigurationPlatforms) = postSolution
		{2AF2F9BE-4BB4-78C0-2BF5-6782F3181099}.Debug|Any CPU.ActiveCfg = Debug|Any CPU
		{2AF2F9BE-4BB4-78C0-2BF5-6782F3181099}.Debug|Any CPU.Build.0 = Debug|Any CPU
		{2AF2F9BE-4BB4-78C0-2BF5-6782F3181099}.Release|Any CPU.ActiveCfg = Release|Any CPU
		{2AF2F9BE-4BB4-78C0-2BF5-6782F3181099}.Release|Any CPU.Build.0 = Release|Any CPU
		{8D6E455B-AFD5-4A7D-BC80-4A44607D3964}.Debug|Any CPU.ActiveCfg = Debug|Any CPU
		{8D6E455B-AFD5-4A7D-BC80-4A44607D3964}.Debug|Any CPU.Build.0 = Debug|Any CPU
		{8D6E455B-AFD5-4A7D-BC80-4A44607D3964}.Release|Any CPU.ActiveCfg = Release|Any CPU
		{8D6E455B-AFD5-4A7D-BC80-4A44607D3964}.Release|Any CPU.Build.0 = Release|Any CPU
	EndGlobalSection
	GlobalSection(SolutionProperties) = preSolution
		HideSolutionNode = FALSE
	EndGlobalSection
	GlobalSection(NestedProjects) = preSolution
		{2AF2F9BE-4BB4-78C0-2BF5-6782F3181099} = {1AE8ACA6-933B-BF2A-3671-3E2EAC007D16}
		{8D6E455B-AFD5-4A7D-BC80-4A44607D3964} = {1AE8ACA6-933B-BF2A-3671-3E2EAC007D16}
	EndGlobalSection
	GlobalSection(ExtensibilityGlobals) = postSolution
		SolutionGuid = {2D02EBC3-0CBE-492F-B45B-48F9947ACEB4}
	EndGlobalSection
EndGlobal
